
Microsoft Visual Studio Solution File, Format Version 12.00
# Visual Studio Version 16
VisualStudioVersion = 16.0.33423.256
MinimumVisualStudioVersion = 10.0.40219.1
Project("{F184B08F-C81C-45F6-A57F-5ABD9991F28F}") = "RegistroPersonas", "RegistroPersonas\RegistroPersonas.vbproj", "{4CCBB5E2-C0A2-4480-9166-A1C31D9075CB}"
EndProject
Global
	GlobalSection(SolutionConfigurationPlatforms) = preSolution
		Debug|Any CPU = Debug|Any CPU
		Release|Any CPU = Release|Any CPU
	EndGlobalSection
	GlobalSection(ProjectConfigurationPlatforms) = postSolution
		{4CCBB5E2-C0A2-4480-9166-A1C31D9075CB}.Debug|Any CPU.ActiveCfg = Debug|Any CPU
		{4CCBB5E2-C0A2-4480-9166-A1C31D9075CB}.Debug|Any CPU.Build.0 = Debug|Any CPU
		{4CCBB5E2-C0A2-4480-9166-A1C31D9075CB}.Release|Any CPU.ActiveCfg = Release|Any CPU
		{4CCBB5E2-C0A2-4480-9166-A1C31D9075CB}.Release|Any CPU.Build.0 = Release|Any CPU
	EndGlobalSection
	GlobalSection(SolutionProperties) = preSolution
		HideSolutionNode = FALSE
	EndGlobalSection
	GlobalSection(ExtensibilityGlobals) = postSolution
		SolutionGuid = {8E093BC7-85FA-49DD-BC01-658D6DF86E6C}
	EndGlobalSection
EndGlobal
